
Microsoft Visual Studio Solution File, Format Version 12.00
# Visual Studio 2013
VisualStudioVersion = 12.0.21005.1
MinimumVisualStudioVersion = 10.0.40219.1
Project("{FAE04EC0-301F-11D3-BF4B-00C04F79EFBC}") = "CompoundingInterestCalculator", "CompoundingInterestCalculator\CompoundingInterestCalculator.csproj", "{0BC94723-71A0-47C9-AB32-13175B8ECDB8}"
EndProject
Project("{FAE04EC0-301F-11D3-BF4B-00C04F79EFBC}") = "CompoundingInterestCalculator.Tests", "CompoundingInterestCalculator.Tests\CompoundingInterestCalculator.Tests.csproj", "{8E51AFC6-2301-4125-A531-E54528821638}"
EndProject
Global
	GlobalSection(SolutionConfigurationPlatforms) = preSolution
		Debug|Any CPU = Debug|Any CPU
		Release|Any CPU = Release|Any CPU
	EndGlobalSection
	GlobalSection(ProjectConfigurationPlatforms) = postSolution
		{0BC94723-71A0-47C9-AB32-13175B8ECDB8}.Debug|Any CPU.ActiveCfg = Debug|Any CPU
		{0BC94723-71A0-47C9-AB32-13175B8ECDB8}.Debug|Any CPU.Build.0 = Debug|Any CPU
		{0BC94723-71A0-47C9-AB32-13175B8ECDB8}.Release|Any CPU.ActiveCfg = Release|Any CPU
		{0BC94723-71A0-47C9-AB32-13175B8ECDB8}.Release|Any CPU.Build.0 = Release|Any CPU
		{8E51AFC6-2301-4125-A531-E54528821638}.Debug|Any CPU.ActiveCfg = Debug|Any CPU
		{8E51AFC6-2301-4125-A531-E54528821638}.Debug|Any CPU.Build.0 = Debug|Any CPU
		{8E51AFC6-2301-4125-A531-E54528821638}.Release|Any CPU.ActiveCfg = Release|Any CPU
		{8E51AFC6-2301-4125-A531-E54528821638}.Release|Any CPU.Build.0 = Release|Any CPU
	EndGlobalSection
	GlobalSection(SolutionProperties) = preSolution
		HideSolutionNode = FALSE
	EndGlobalSection
EndGlobal
